
Microsoft Visual Studio Solution File, Format Version 12.00
# Visual Studio 14
VisualStudioVersion = 14.0.24720.0
MinimumVisualStudioVersion = 10.0.40219.1
Project("{FAE04EC0-301F-11D3-BF4B-00C04F79EFBC}") = "StewartPlatformSerialController", "StewartPlatformSerialController.csproj", "{BB3ADF89-7F3F-457C-A087-4A3A0C4B9B61}"
EndProject
Global
	GlobalSection(SolutionConfigurationPlatforms) = preSolution
		Debug|Any CPU = Debug|Any CPU
		Release|Any CPU = Release|Any CPU
	EndGlobalSection
	GlobalSection(ProjectConfigurationPlatforms) = postSolution
		{BB3ADF89-7F3F-457C-A087-4A3A0C4B9B61}.Debug|Any CPU.ActiveCfg = Debug|Any CPU
		{BB3ADF89-7F3F-457C-A087-4A3A0C4B9B61}.Debug|Any CPU.Build.0 = Debug|Any CPU
		{BB3ADF89-7F3F-457C-A087-4A3A0C4B9B61}.Release|Any CPU.ActiveCfg = Release|Any CPU
		{BB3ADF89-7F3F-457C-A087-4A3A0C4B9B61}.Release|Any CPU.Build.0 = Release|Any CPU
	EndGlobalSection
	GlobalSection(SolutionProperties) = preSolution
		HideSolutionNode = FALSE
	EndGlobalSection
EndGlobal
